
Microsoft Visual Studio Solution File, Format Version 12.00
# Visual Studio 2012
Project("{FAE04EC0-301F-11D3-BF4B-00C04F79EFBC}") = "AbstractToYield", "AbstractToYield.csproj", "{C8B3BB20-C949-47F9-9998-39034969F2B6}"
EndProject
Global
	GlobalSection(SolutionConfigurationPlatforms) = preSolution
		Debug|Any CPU = Debug|Any CPU
		Release|Any CPU = Release|Any CPU
	EndGlobalSection
	GlobalSection(ProjectConfigurationPlatforms) = postSolution
		{C8B3BB20-C949-47F9-9998-39034969F2B6}.Debug|Any CPU.ActiveCfg = Debug|Any CPU
		{C8B3BB20-C949-47F9-9998-39034969F2B6}.Debug|Any CPU.Build.0 = Debug|Any CPU
		{C8B3BB20-C949-47F9-9998-39034969F2B6}.Release|Any CPU.ActiveCfg = Release|Any CPU
		{C8B3BB20-C949-47F9-9998-39034969F2B6}.Release|Any CPU.Build.0 = Release|Any CPU
	EndGlobalSection
	GlobalSection(SolutionProperties) = preSolution
		HideSolutionNode = FALSE
	EndGlobalSection
EndGlobal
